
Microsoft Visual Studio Solution File, Format Version 12.00
# Visual Studio Version 17
VisualStudioVersion = 17.14.36212.18
MinimumVisualStudioVersion = 10.0.40219.1
Project("{FAE04EC0-301F-11D3-BF4B-00C04F79EFBC}") = "AssemblyAttributeRemover", "AssemblyAttributeRemover.csproj", "{065F70D3-789A-A61A-CBB7-6BD421333386}"
EndProject
Global
	GlobalSection(SolutionConfigurationPlatforms) = preSolution
		Debug|Any CPU = Debug|Any CPU
		Release|Any CPU = Release|Any CPU
	EndGlobalSection
	GlobalSection(ProjectConfigurationPlatforms) = postSolution
		{065F70D3-789A-A61A-CBB7-6BD421333386}.Debug|Any CPU.ActiveCfg = Debug|Any CPU
		{065F70D3-789A-A61A-CBB7-6BD421333386}.Debug|Any CPU.Build.0 = Debug|Any CPU
		{065F70D3-789A-A61A-CBB7-6BD421333386}.Release|Any CPU.ActiveCfg = Release|Any CPU
		{065F70D3-789A-A61A-CBB7-6BD421333386}.Release|Any CPU.Build.0 = Release|Any CPU
	EndGlobalSection
	GlobalSection(SolutionProperties) = preSolution
		HideSolutionNode = FALSE
	EndGlobalSection
	GlobalSection(ExtensibilityGlobals) = postSolution
		SolutionGuid = {ADA4B654-8638-411F-93C1-74071C9A0C5E}
	EndGlobalSection
EndGlobal
